
Microsoft Visual Studio Solution File, Format Version 12.00
# Visual Studio 15
VisualStudioVersion = 15.0.28307.1000
MinimumVisualStudioVersion = 10.0.40219.1
Project("{FAE04EC0-301F-11D3-BF4B-00C04F79EFBC}") = "AdventOfCode", "AdventOfCode\AdventOfCode.csproj", "{BCF53066-D7BA-4CF2-8D9A-5B02CC1B8D43}"
EndProject
Global
	GlobalSection(SolutionConfigurationPlatforms) = preSolution
		Debug|Any CPU = Debug|Any CPU
		Release|Any CPU = Release|Any CPU
	EndGlobalSection
	GlobalSection(ProjectConfigurationPlatforms) = postSolution
		{BCF53066-D7BA-4CF2-8D9A-5B02CC1B8D43}.Debug|Any CPU.ActiveCfg = Debug|Any CPU
		{BCF53066-D7BA-4CF2-8D9A-5B02CC1B8D43}.Debug|Any CPU.Build.0 = Debug|Any CPU
		{BCF53066-D7BA-4CF2-8D9A-5B02CC1B8D43}.Release|Any CPU.ActiveCfg = Release|Any CPU
		{BCF53066-D7BA-4CF2-8D9A-5B02CC1B8D43}.Release|Any CPU.Build.0 = Release|Any CPU
	EndGlobalSection
	GlobalSection(SolutionProperties) = preSolution
		HideSolutionNode = FALSE
	EndGlobalSection
	GlobalSection(ExtensibilityGlobals) = postSolution
		SolutionGuid = {2FA1D873-0367-42E3-8A7F-D9737B92E296}
	EndGlobalSection
EndGlobal
